
Microsoft Visual Studio Solution File, Format Version 12.00
# Visual Studio 15
VisualStudioVersion = 15.0.27130.2010
MinimumVisualStudioVersion = 10.0.40219.1
Project("{FAE04EC0-301F-11D3-BF4B-00C04F79EFBC}") = "consultatarjeta", "consultatarjeta\consultatarjeta.csproj", "{342199A6-5CDB-4ABB-AA48-9B7F1C70E544}"
EndProject
Project("{FAE04EC0-301F-11D3-BF4B-00C04F79EFBC}") = "SQL", "SQL\SQL.csproj", "{3BBD92CB-0CC5-479D-9F0C-C38966AD9451}"
EndProject
Global
	GlobalSection(SolutionConfigurationPlatforms) = preSolution
		Debug|Any CPU = Debug|Any CPU
		Release|Any CPU = Release|Any CPU
	EndGlobalSection
	GlobalSection(ProjectConfigurationPlatforms) = postSolution
		{342199A6-5CDB-4ABB-AA48-9B7F1C70E544}.Debug|Any CPU.ActiveCfg = Debug|Any CPU
		{342199A6-5CDB-4ABB-AA48-9B7F1C70E544}.Debug|Any CPU.Build.0 = Debug|Any CPU
		{342199A6-5CDB-4ABB-AA48-9B7F1C70E544}.Release|Any CPU.ActiveCfg = Release|Any CPU
		{342199A6-5CDB-4ABB-AA48-9B7F1C70E544}.Release|Any CPU.Build.0 = Release|Any CPU
		{3BBD92CB-0CC5-479D-9F0C-C38966AD9451}.Debug|Any CPU.ActiveCfg = Debug|Any CPU
		{3BBD92CB-0CC5-479D-9F0C-C38966AD9451}.Debug|Any CPU.Build.0 = Debug|Any CPU
		{3BBD92CB-0CC5-479D-9F0C-C38966AD9451}.Release|Any CPU.ActiveCfg = Release|Any CPU
		{3BBD92CB-0CC5-479D-9F0C-C38966AD9451}.Release|Any CPU.Build.0 = Release|Any CPU
	EndGlobalSection
	GlobalSection(SolutionProperties) = preSolution
		HideSolutionNode = FALSE
	EndGlobalSection
	GlobalSection(ExtensibilityGlobals) = postSolution
		SolutionGuid = {532E8D7C-0279-4E1D-BBCA-752DF92E9259}
	EndGlobalSection
EndGlobal
